
Microsoft Visual Studio Solution File, Format Version 12.00
# Visual Studio 15
VisualStudioVersion = 15.0.28010.2041
MinimumVisualStudioVersion = 10.0.40219.1
Project("{FAE04EC0-301F-11D3-BF4B-00C04F79EFBC}") = "ClaInheritancePolymorphismEncapsulation", "ClassesEXInheritancePolymorphismEncapsulation\ClaInheritancePolymorphismEncapsulation.csproj", "{5BE0D2E0-F15E-413E-B9E5-1619E9367C3C}"
EndProject
Global
	GlobalSection(SolutionConfigurationPlatforms) = preSolution
		Debug|Any CPU = Debug|Any CPU
		Release|Any CPU = Release|Any CPU
	EndGlobalSection
	GlobalSection(ProjectConfigurationPlatforms) = postSolution
		{5BE0D2E0-F15E-413E-B9E5-1619E9367C3C}.Debug|Any CPU.ActiveCfg = Debug|Any CPU
		{5BE0D2E0-F15E-413E-B9E5-1619E9367C3C}.Debug|Any CPU.Build.0 = Debug|Any CPU
		{5BE0D2E0-F15E-413E-B9E5-1619E9367C3C}.Release|Any CPU.ActiveCfg = Release|Any CPU
		{5BE0D2E0-F15E-413E-B9E5-1619E9367C3C}.Release|Any CPU.Build.0 = Release|Any CPU
	EndGlobalSection
	GlobalSection(SolutionProperties) = preSolution
		HideSolutionNode = FALSE
	EndGlobalSection
	GlobalSection(ExtensibilityGlobals) = postSolution
		SolutionGuid = {EA177E44-A79E-4946-A97A-411F1736B359}
	EndGlobalSection
EndGlobal
