
Microsoft Visual Studio Solution File, Format Version 12.00
# Visual Studio 15
VisualStudioVersion = 15.0.28010.2041
MinimumVisualStudioVersion = 10.0.40219.1
Project("{FAE04EC0-301F-11D3-BF4B-00C04F79EFBC}") = "Excersice2ACalculatingAverages", "Excersice2ACalculatingAverages\Excersice2ACalculatingAverages.csproj", "{EFC705E4-089B-4C07-885F-CF81EEF0830A}"
EndProject
Global
	GlobalSection(SolutionConfigurationPlatforms) = preSolution
		Debug|Any CPU = Debug|Any CPU
		Release|Any CPU = Release|Any CPU
	EndGlobalSection
	GlobalSection(ProjectConfigurationPlatforms) = postSolution
		{EFC705E4-089B-4C07-885F-CF81EEF0830A}.Debug|Any CPU.ActiveCfg = Debug|Any CPU
		{EFC705E4-089B-4C07-885F-CF81EEF0830A}.Debug|Any CPU.Build.0 = Debug|Any CPU
		{EFC705E4-089B-4C07-885F-CF81EEF0830A}.Release|Any CPU.ActiveCfg = Release|Any CPU
		{EFC705E4-089B-4C07-885F-CF81EEF0830A}.Release|Any CPU.Build.0 = Release|Any CPU
	EndGlobalSection
	GlobalSection(SolutionProperties) = preSolution
		HideSolutionNode = FALSE
	EndGlobalSection
	GlobalSection(ExtensibilityGlobals) = postSolution
		SolutionGuid = {74D9E135-3884-4EA7-A27C-432835BD190F}
	EndGlobalSection
EndGlobal
