
Microsoft Visual Studio Solution File, Format Version 12.00
# Visual Studio 15
VisualStudioVersion = 15.0.28010.2041
MinimumVisualStudioVersion = 10.0.40219.1
Project("{FAE04EC0-301F-11D3-BF4B-00C04F79EFBC}") = "AreaOfTriangleE1A", "AreaOfTriangleE1A\AreaOfTriangleE1A.csproj", "{5CB11569-BF0C-4B88-9169-C9952E6B536B}"
EndProject
Global
	GlobalSection(SolutionConfigurationPlatforms) = preSolution
		Debug|Any CPU = Debug|Any CPU
		Release|Any CPU = Release|Any CPU
	EndGlobalSection
	GlobalSection(ProjectConfigurationPlatforms) = postSolution
		{5CB11569-BF0C-4B88-9169-C9952E6B536B}.Debug|Any CPU.ActiveCfg = Debug|Any CPU
		{5CB11569-BF0C-4B88-9169-C9952E6B536B}.Debug|Any CPU.Build.0 = Debug|Any CPU
		{5CB11569-BF0C-4B88-9169-C9952E6B536B}.Release|Any CPU.ActiveCfg = Release|Any CPU
		{5CB11569-BF0C-4B88-9169-C9952E6B536B}.Release|Any CPU.Build.0 = Release|Any CPU
	EndGlobalSection
	GlobalSection(SolutionProperties) = preSolution
		HideSolutionNode = FALSE
	EndGlobalSection
	GlobalSection(ExtensibilityGlobals) = postSolution
		SolutionGuid = {1DB67CE8-AC52-49CD-8B9A-DC840DFD9547}
	EndGlobalSection
EndGlobal
